
Microsoft Visual Studio Solution File, Format Version 12.00
# Visual Studio Version 16
VisualStudioVersion = 16.0.29209.62
MinimumVisualStudioVersion = 10.0.40219.1
Project("{9A19103F-16F7-4668-BE54-9A1E7A4F7556}") = "SpectrometrAV", "SpectrometrAV\SpectrometrAV.csproj", "{A1C34399-1AFD-4537-8A29-CFE5A24870E5}"
EndProject
Project("{FAE04EC0-301F-11D3-BF4B-00C04F79EFBC}") = "VimbaCamera", "VimbaCamera\VimbaCamera.csproj", "{B8E883A2-98EF-497E-919D-05FE4AF23F3F}"
EndProject
Global
	GlobalSection(SolutionConfigurationPlatforms) = preSolution
		Debug|Any CPU = Debug|Any CPU
		Debug|x64 = Debug|x64
		Debug|x86 = Debug|x86
		Release|Any CPU = Release|Any CPU
		Release|x64 = Release|x64
		Release|x86 = Release|x86
	EndGlobalSection
	GlobalSection(ProjectConfigurationPlatforms) = postSolution
		{A1C34399-1AFD-4537-8A29-CFE5A24870E5}.Debug|Any CPU.ActiveCfg = Debug|Any CPU
		{A1C34399-1AFD-4537-8A29-CFE5A24870E5}.Debug|Any CPU.Build.0 = Debug|Any CPU
		{A1C34399-1AFD-4537-8A29-CFE5A24870E5}.Debug|x64.ActiveCfg = Debug|Any CPU
		{A1C34399-1AFD-4537-8A29-CFE5A24870E5}.Debug|x64.Build.0 = Debug|Any CPU
		{A1C34399-1AFD-4537-8A29-CFE5A24870E5}.Debug|x86.ActiveCfg = Debug|Any CPU
		{A1C34399-1AFD-4537-8A29-CFE5A24870E5}.Debug|x86.Build.0 = Debug|Any CPU
		{A1C34399-1AFD-4537-8A29-CFE5A24870E5}.Release|Any CPU.ActiveCfg = Release|Any CPU
		{A1C34399-1AFD-4537-8A29-CFE5A24870E5}.Release|Any CPU.Build.0 = Release|Any CPU
		{A1C34399-1AFD-4537-8A29-CFE5A24870E5}.Release|x64.ActiveCfg = Release|Any CPU
		{A1C34399-1AFD-4537-8A29-CFE5A24870E5}.Release|x64.Build.0 = Release|Any CPU
		{A1C34399-1AFD-4537-8A29-CFE5A24870E5}.Release|x86.ActiveCfg = Release|Any CPU
		{A1C34399-1AFD-4537-8A29-CFE5A24870E5}.Release|x86.Build.0 = Release|Any CPU
		{B8E883A2-98EF-497E-919D-05FE4AF23F3F}.Debug|Any CPU.ActiveCfg = Debug|Any CPU
		{B8E883A2-98EF-497E-919D-05FE4AF23F3F}.Debug|Any CPU.Build.0 = Debug|Any CPU
		{B8E883A2-98EF-497E-919D-05FE4AF23F3F}.Debug|x64.ActiveCfg = Debug|x64
		{B8E883A2-98EF-497E-919D-05FE4AF23F3F}.Debug|x64.Build.0 = Debug|x64
		{B8E883A2-98EF-497E-919D-05FE4AF23F3F}.Debug|x86.ActiveCfg = Debug|x86
		{B8E883A2-98EF-497E-919D-05FE4AF23F3F}.Debug|x86.Build.0 = Debug|x86
		{B8E883A2-98EF-497E-919D-05FE4AF23F3F}.Release|Any CPU.ActiveCfg = Release|Any CPU
		{B8E883A2-98EF-497E-919D-05FE4AF23F3F}.Release|Any CPU.Build.0 = Release|Any CPU
		{B8E883A2-98EF-497E-919D-05FE4AF23F3F}.Release|x64.ActiveCfg = Release|x64
		{B8E883A2-98EF-497E-919D-05FE4AF23F3F}.Release|x64.Build.0 = Release|x64
		{B8E883A2-98EF-497E-919D-05FE4AF23F3F}.Release|x86.ActiveCfg = Release|x86
		{B8E883A2-98EF-497E-919D-05FE4AF23F3F}.Release|x86.Build.0 = Release|x86
	EndGlobalSection
	GlobalSection(SolutionProperties) = preSolution
		HideSolutionNode = FALSE
	EndGlobalSection
	GlobalSection(ExtensibilityGlobals) = postSolution
		SolutionGuid = {CB8310F1-E3ED-492B-84BC-5D16C550AEB7}
	EndGlobalSection
EndGlobal
